// !$*UTF8*$!
{
	archiveVersion = 1;
	classes = {
	};
	objectVersion = 56;
	objects = {

/* Begin PBXBuildFile section */
		F06B259C2A31DF80006E6343 /* TestForHandKeyboardApp.swift in Sources */ = {isa = PBXBuildFile; fileRef = F06B259B2A31DF80006E6343 /* TestForHandKeyboardApp.swift */; };
		F06B259E2A31DF80006E6343 /* ContentView.swift in Sources */ = {isa = PBXBuildFile; fileRef = F06B259D2A31DF80006E6343 /* ContentView.swift */; };
		F06B25A02A31DF81006E6343 /* Assets.xcassets in Resources */ = {isa = PBXBuildFile; fileRef = F06B259F2A31DF81006E6343 /* Assets.xcassets */; };
		F06B25A32A31DF81006E6343 /* Preview Assets.xcassets in Resources */ = {isa = PBXBuildFile; fileRef = F06B25A22A31DF81006E6343 /* Preview Assets.xcassets */; };
		F06B25AD2A31DF81006E6343 /* TestForHandKeyboardTests.swift in Sources */ = {isa = PBXBuildFile; fileRef = F06B25AC2A31DF81006E6343 /* TestForHandKeyboardTests.swift */; };
		F06B25B72A31DF81006E6343 /* TestForHandKeyboardUITests.swift in Sources */ = {isa = PBXBuildFile; fileRef = F06B25B62A31DF81006E6343 /* TestForHandKeyboardUITests.swift */; };
		F06B25B92A31DF81006E6343 /* TestForHandKeyboardUITestsLaunchTests.swift in Sources */ = {isa = PBXBuildFile; fileRef = F06B25B82A31DF81006E6343 /* TestForHandKeyboardUITestsLaunchTests.swift */; };
		F06B25C62A31E214006E6343 /* ExpView.swift in Sources */ = {isa = PBXBuildFile; fileRef = F06B25C52A31E214006E6343 /* ExpView.swift */; };
		F06B25C82A31E618006E6343 /* ExpViewModel.swift in Sources */ = {isa = PBXBuildFile; fileRef = F06B25C72A31E618006E6343 /* ExpViewModel.swift */; };
/* End PBXBuildFile section */

/* Begin PBXContainerItemProxy section */
		F06B25A92A31DF81006E6343 /* PBXContainerItemProxy */ = {
			isa = PBXContainerItemProxy;
			containerPortal = F06B25902A31DF80006E6343 /* Project object */;
			proxyType = 1;
			remoteGlobalIDString = F06B25972A31DF80006E6343;
			remoteInfo = TestForHandKeyboard;
		};
		F06B25B32A31DF81006E6343 /* PBXContainerItemProxy */ = {
			isa = PBXContainerItemProxy;
			containerPortal = F06B25902A31DF80006E6343 /* Project object */;
			proxyType = 1;
			remoteGlobalIDString = F06B25972A31DF80006E6343;
			remoteInfo = TestForHandKeyboard;
		};
/* End PBXContainerItemProxy section */

/* Begin PBXFileReference section */
		F06B25982A31DF80006E6343 /* TestForHandKeyboard.app */ = {isa = PBXFileReference; explicitFileType = wrapper.application; includeInIndex = 0; path = TestForHandKeyboard.app; sourceTree = BUILT_PRODUCTS_DIR; };
		F06B259B2A31DF80006E6343 /* TestForHandKeyboardApp.swift */ = {isa = PBXFileReference; lastKnownFileType = sourcecode.swift; path = TestForHandKeyboardApp.swift; sourceTree = "<group>"; };
		F06B259D2A31DF80006E6343 /* ContentView.swift */ = {isa = PBXFileReference; lastKnownFileType = sourcecode.swift; path = ContentView.swift; sourceTree = "<group>"; };
		F06B259F2A31DF81006E6343 /* Assets.xcassets */ = {isa = PBXFileReference; lastKnownFileType = folder.assetcatalog; path = Assets.xcassets; sourceTree = "<group>"; };
		F06B25A22A31DF81006E6343 /* Preview Assets.xcassets */ = {isa = PBXFileReference; lastKnownFileType = folder.assetcatalog; path = "Preview Assets.xcassets"; sourceTree = "<group>"; };
		F06B25A82A31DF81006E6343 /* TestForHandKeyboardTests.xctest */ = {isa = PBXFileReference; explicitFileType = wrapper.cfbundle; includeInIndex = 0; path = TestForHandKeyboardTests.xctest; sourceTree = BUILT_PRODUCTS_DIR; };
		F06B25AC2A31DF81006E6343 /* TestForHandKeyboardTests.swift */ = {isa = PBXFileReference; lastKnownFileType = sourcecode.swift; path = TestForHandKeyboardTests.swift; sourceTree = "<group>"; };
		F06B25B22A31DF81006E6343 /* TestForHandKeyboardUITests.xctest */ = {isa = PBXFileReference; explicitFileType = wrapper.cfbundle; includeInIndex = 0; path = TestForHandKeyboardUITests.xctest; sourceTree = BUILT_PRODUCTS_DIR; };
		F06B25B62A31DF81006E6343 /* TestForHandKeyboardUITests.swift */ = {isa = PBXFileReference; lastKnownFileType = sourcecode.swift; path = TestForHandKeyboardUITests.swift; sourceTree = "<group>"; };
		F06B25B82A31DF81006E6343 /* TestForHandKeyboardUITestsLaunchTests.swift */ = {isa = PBXFileReference; lastKnownFileType = sourcecode.swift; path = TestForHandKeyboardUITestsLaunchTests.swift; sourceTree = "<group>"; };
		F06B25C52A31E214006E6343 /* ExpView.swift */ = {isa = PBXFileReference; lastKnownFileType = sourcecode.swift; path = ExpView.swift; sourceTree = "<group>"; };
		F06B25C72A31E618006E6343 /* ExpViewModel.swift */ = {isa = PBXFileReference; lastKnownFileType = sourcecode.swift; path = ExpViewModel.swift; sourceTree = "<group>"; };
/* End PBXFileReference section */

/* Begin PBXFrameworksBuildPhase section */
		F06B25952A31DF80006E6343 /* Frameworks */ = {
			isa = PBXFrameworksBuildPhase;
			buildActionMask = 2147483647;
			files = (
			);
			runOnlyForDeploymentPostprocessing = 0;
		};
		F06B25A52A31DF81006E6343 /* Frameworks */ = {
			isa = PBXFrameworksBuildPhase;
			buildActionMask = 2147483647;
			files = (
			);
			runOnlyForDeploymentPostprocessing = 0;
		};
		F06B25AF2A31DF81006E6343 /* Frameworks */ = {
			isa = PBXFrameworksBuildPhase;
			buildActionMask = 2147483647;
			files = (
			);
			runOnlyForDeploymentPostprocessing = 0;
		};
/* End PBXFrameworksBuildPhase section */

/* Begin PBXGroup section */
		F06B258F2A31DF80006E6343 = {
			isa = PBXGroup;
			children = (
				F06B259A2A31DF80006E6343 /* TestForHandKeyboard */,
				F06B25AB2A31DF81006E6343 /* TestForHandKeyboardTests */,
				F06B25B52A31DF81006E6343 /* TestForHandKeyboardUITests */,
				F06B25992A31DF80006E6343 /* Products */,
			);
			sourceTree = "<group>";
		};
		F06B25992A31DF80006E6343 /* Products */ = {
			isa = PBXGroup;
			children = (
				F06B25982A31DF80006E6343 /* TestForHandKeyboard.app */,
				F06B25A82A31DF81006E6343 /* TestForHandKeyboardTests.xctest */,
				F06B25B22A31DF81006E6343 /* TestForHandKeyboardUITests.xctest */,
			);
			name = Products;
			sourceTree = "<group>";
		};
		F06B259A2A31DF80006E6343 /* TestForHandKeyboard */ = {
			isa = PBXGroup;
			children = (
				F06B259B2A31DF80006E6343 /* TestForHandKeyboardApp.swift */,
				F06B259D2A31DF80006E6343 /* ContentView.swift */,
				F06B25C52A31E214006E6343 /* ExpView.swift */,
				F06B25C72A31E618006E6343 /* ExpViewModel.swift */,
				F06B259F2A31DF81006E6343 /* Assets.xcassets */,
				F06B25A12A31DF81006E6343 /* Preview Content */,
			);
			path = TestForHandKeyboard;
			sourceTree = "<group>";
		};
		F06B25A12A31DF81006E6343 /* Preview Content */ = {
			isa = PBXGroup;
			children = (
				F06B25A22A31DF81006E6343 /* Preview Assets.xcassets */,
			);
			path = "Preview Content";
			sourceTree = "<group>";
		};
		F06B25AB2A31DF81006E6343 /* TestForHandKeyboardTests */ = {
			isa = PBXGroup;
			children = (
				F06B25AC2A31DF81006E6343 /* TestForHandKeyboardTests.swift */,
			);
			path = TestForHandKeyboardTests;
			sourceTree = "<group>";
		};
		F06B25B52A31DF81006E6343 /* TestForHandKeyboardUITests */ = {
			isa = PBXGroup;
			children = (
				F06B25B62A31DF81006E6343 /* TestForHandKeyboardUITests.swift */,
				F06B25B82A31DF81006E6343 /* TestForHandKeyboardUITestsLaunchTests.swift */,
			);
			path = TestForHandKeyboardUITests;
			sourceTree = "<group>";
		};
/* End PBXGroup section */

/* Begin PBXNativeTarget section */
		F06B25972A31DF80006E6343 /* TestForHandKeyboard */ = {
			isa = PBXNativeTarget;
			buildConfigurationList = F06B25BC2A31DF81006E6343 /* Build configuration list for PBXNativeTarget "TestForHandKeyboard" */;
			buildPhases = (
				F06B25942A31DF80006E6343 /* Sources */,
				F06B25952A31DF80006E6343 /* Frameworks */,
				F06B25962A31DF80006E6343 /* Resources */,
			);
			buildRules = (
			);
			dependencies = (
			);
			name = TestForHandKeyboard;
			productName = TestForHandKeyboard;
			productReference = F06B25982A31DF80006E6343 /* TestForHandKeyboard.app */;
			productType = "com.apple.product-type.application";
		};
		F06B25A72A31DF81006E6343 /* TestForHandKeyboardTests */ = {
			isa = PBXNativeTarget;
			buildConfigurationList = F06B25BF2A31DF81006E6343 /* Build configuration list for PBXNativeTarget "TestForHandKeyboardTests" */;
			buildPhases = (
				F06B25A42A31DF81006E6343 /* Sources */,
				F06B25A52A31DF81006E6343 /* Frameworks */,
				F06B25A62A31DF81006E6343 /* Resources */,
			);
			buildRules = (
			);
			dependencies = (
				F06B25AA2A31DF81006E6343 /* PBXTargetDependency */,
			);
			name = TestForHandKeyboardTests;
			productName = TestForHandKeyboardTests;
			productReference = F06B25A82A31DF81006E6343 /* TestForHandKeyboardTests.xctest */;
			productType = "com.apple.product-type.bundle.unit-test";
		};
		F06B25B12A31DF81006E6343 /* TestForHandKeyboardUITests */ = {
			isa = PBXNativeTarget;
			buildConfigurationList = F06B25C22A31DF81006E6343 /* Build configuration list for PBXNativeTarget "TestForHandKeyboardUITests" */;
			buildPhases = (
				F06B25AE2A31DF81006E6343 /* Sources */,
				F06B25AF2A31DF81006E6343 /* Frameworks */,
				F06B25B02A31DF81006E6343 /* Resources */,
			);
			buildRules = (
			);
			dependencies = (
				F06B25B42A31DF81006E6343 /* PBXTargetDependency */,
			);
			name = TestForHandKeyboardUITests;
			productName = TestForHandKeyboardUITests;
			productReference = F06B25B22A31DF81006E6343 /* TestForHandKeyboardUITests.xctest */;
			productType = "com.apple.product-type.bundle.ui-testing";
		};
/* End PBXNativeTarget section */

/* Begin PBXProject section */
		F06B25902A31DF80006E6343 /* Project object */ = {
			isa = PBXProject;
			attributes = {
				BuildIndependentTargetsInParallel = 1;
				LastSwiftUpdateCheck = 1430;
				LastUpgradeCheck = 1430;
				TargetAttributes = {
					F06B25972A31DF80006E6343 = {
						CreatedOnToolsVersion = 14.3.1;
					};
					F06B25A72A31DF81006E6343 = {
						CreatedOnToolsVersion = 14.3.1;
						TestTargetID = F06B25972A31DF80006E6343;
					};
					F06B25B12A31DF81006E6343 = {
						CreatedOnToolsVersion = 14.3.1;
						TestTargetID = F06B25972A31DF80006E6343;
					};
				};
			};
			buildConfigurationList = F06B25932A31DF80006E6343 /* Build configuration list for PBXProject "TestForHandKeyboard" */;
			compatibilityVersion = "Xcode 14.0";
			developmentRegion = en;
			hasScannedForEncodings = 0;
			knownRegions = (
				en,
				Base,
			);
			mainGroup = F06B258F2A31DF80006E6343;
			productRefGroup = F06B25992A31DF80006E6343 /* Products */;
			projectDirPath = "";
			projectRoot = "";
			targets = (
				F06B25972A31DF80006E6343 /* TestForHandKeyboard */,
				F06B25A72A31DF81006E6343 /* TestForHandKeyboardTests */,
				F06B25B12A31DF81006E6343 /* TestForHandKeyboardUITests */,
			);
		};
/* End PBXProject section */

/* Begin PBXResourcesBuildPhase section */
		F06B25962A31DF80006E6343 /* Resources */ = {
			isa = PBXResourcesBuildPhase;
			buildActionMask = 2147483647;
			files = (
				F06B25A32A31DF81006E6343 /* Preview Assets.xcassets in Resources */,
				F06B25A02A31DF81006E6343 /* Assets.xcassets in Resources */,
			);
			runOnlyForDeploymentPostprocessing = 0;
		};
		F06B25A62A31DF81006E6343 /* Resources */ = {
			isa = PBXResourcesBuildPhase;
			buildActionMask = 2147483647;
			files = (
			);
			runOnlyForDeploymentPostprocessing = 0;
		};
		F06B25B02A31DF81006E6343 /* Resources */ = {
			isa = PBXResourcesBuildPhase;
			buildActionMask = 2147483647;
			files = (
			);
			runOnlyForDeploymentPostprocessing = 0;
		};
/* End PBXResourcesBuildPhase section */

/* Begin PBXSourcesBuildPhase section */
		F06B25942A31DF80006E6343 /* Sources */ = {
			isa = PBXSourcesBuildPhase;
			buildActionMask = 2147483647;
			files = (
				F06B259E2A31DF80006E6343 /* ContentView.swift in Sources */,
				F06B259C2A31DF80006E6343 /* TestForHandKeyboardApp.swift in Sources */,
				F06B25C82A31E618006E6343 /* ExpViewModel.swift in Sources */,
				F06B25C62A31E214006E6343 /* ExpView.swift in Sources */,
			);
			runOnlyForDeploymentPostprocessing = 0;
		};
		F06B25A42A31DF81006E6343 /* Sources */ = {
			isa = PBXSourcesBuildPhase;
			buildActionMask = 2147483647;
			files = (
				F06B25AD2A31DF81006E6343 /* TestForHandKeyboardTests.swift in Sources */,
			);
			runOnlyForDeploymentPostprocessing = 0;
		};
		F06B25AE2A31DF81006E6343 /* Sources */ = {
			isa = PBXSourcesBuildPhase;
			buildActionMask = 2147483647;
			files = (
				F06B25B92A31DF81006E6343 /* TestForHandKeyboardUITestsLaunchTests.swift in Sources */,
				F06B25B72A31DF81006E6343 /* TestForHandKeyboardUITests.swift in Sources */,
			);
			runOnlyForDeploymentPostprocessing = 0;
		};
/* End PBXSourcesBuildPhase section */

/* Begin PBXTargetDependency section */
		F06B25AA2A31DF81006E6343 /* PBXTargetDependency */ = {
			isa = PBXTargetDependency;
			target = F06B25972A31DF80006E6343 /* TestForHandKeyboard */;
			targetProxy = F06B25A92A31DF81006E6343 /* PBXContainerItemProxy */;
		};
		F06B25B42A31DF81006E6343 /* PBXTargetDependency */ = {
			isa = PBXTargetDependency;
			target = F06B25972A31DF80006E6343 /* TestForHandKeyboard */;
			targetProxy = F06B25B32A31DF81006E6343 /* PBXContainerItemProxy */;
		};
/* End PBXTargetDependency section */

/* Begin XCBuildConfiguration section */
		F06B25BA2A31DF81006E6343 /* Debug */ = {
			isa = XCBuildConfiguration;
			buildSettings = {
				ALWAYS_SEARCH_USER_PATHS = NO;
				CLANG_ANALYZER_NONNULL = YES;
				CLANG_ANALYZER_NUMBER_OBJECT_CONVERSION = YES_AGGRESSIVE;
				CLANG_CXX_LANGUAGE_STANDARD = "gnu++20";
				CLANG_ENABLE_MODULES = YES;
				CLANG_ENABLE_OBJC_ARC = YES;
				CLANG_ENABLE_OBJC_WEAK = YES;
				CLANG_WARN_BLOCK_CAPTURE_AUTORELEASING = YES;
				CLANG_WARN_BOOL_CONVERSION = YES;
				CLANG_WARN_COMMA = YES;
				CLANG_WARN_CONSTANT_CONVERSION = YES;
				CLANG_WARN_DEPRECATED_OBJC_IMPLEMENTATIONS = YES;
				CLANG_WARN_DIRECT_OBJC_ISA_USAGE = YES_ERROR;
				CLANG_WARN_DOCUMENTATION_COMMENTS = YES;
				CLANG_WARN_EMPTY_BODY = YES;
				CLANG_WARN_ENUM_CONVERSION = YES;
				CLANG_WARN_INFINITE_RECURSION = YES;
				CLANG_WARN_INT_CONVERSION = YES;
				CLANG_WARN_NON_LITERAL_NULL_CONVERSION = YES;
				CLANG_WARN_OBJC_IMPLICIT_RETAIN_SELF = YES;
				CLANG_WARN_OBJC_LITERAL_CONVERSION = YES;
				CLANG_WARN_OBJC_ROOT_CLASS = YES_ERROR;
				CLANG_WARN_QUOTED_INCLUDE_IN_FRAMEWORK_HEADER = YES;
				CLANG_WARN_RANGE_LOOP_ANALYSIS = YES;
				CLANG_WARN_STRICT_PROTOTYPES = YES;
				CLANG_WARN_SUSPICIOUS_MOVE = YES;
				CLANG_WARN_UNGUARDED_AVAILABILITY = YES_AGGRESSIVE;
				CLANG_WARN_UNREACHABLE_CODE = YES;
				CLANG_WARN__DUPLICATE_METHOD_MATCH = YES;
				COPY_PHASE_STRIP = NO;
				DEBUG_INFORMATION_FORMAT = dwarf;
				ENABLE_STRICT_OBJC_MSGSEND = YES;
				ENABLE_TESTABILITY = YES;
				GCC_C_LANGUAGE_STANDARD = gnu11;
				GCC_DYNAMIC_NO_PIC = NO;
				GCC_NO_COMMON_BLOCKS = YES;
				GCC_OPTIMIZATION_LEVEL = 0;
				GCC_PREPROCESSOR_DEFINITIONS = (
					"DEBUG=1",
					"$(inherited)",
				);
				GCC_WARN_64_TO_32_BIT_CONVERSION = YES;
				GCC_WARN_ABOUT_RETURN_TYPE = YES_ERROR;
				GCC_WARN_UNDECLARED_SELECTOR = YES;
				GCC_WARN_UNINITIALIZED_AUTOS = YES_AGGRESSIVE;
				GCC_WARN_UNUSED_FUNCTION = YES;
				GCC_WARN_UNUSED_VARIABLE = YES;
				IPHONEOS_DEPLOYMENT_TARGET = 16.4;
				MTL_ENABLE_DEBUG_INFO = INCLUDE_SOURCE;
				MTL_FAST_MATH = YES;
				ONLY_ACTIVE_ARCH = YES;
				SDKROOT = iphoneos;
				SWIFT_ACTIVE_COMPILATION_CONDITIONS = DEBUG;
				SWIFT_OPTIMIZATION_LEVEL = "-Onone";
			};
			name = Debug;
		};
		F06B25BB2A31DF81006E6343 /* Release */ = {
			isa = XCBuildConfiguration;
			buildSettings = {
				ALWAYS_SEARCH_USER_PATHS = NO;
				CLANG_ANALYZER_NONNULL = YES;
				CLANG_ANALYZER_NUMBER_OBJECT_CONVERSION = YES_AGGRESSIVE;
				CLANG_CXX_LANGUAGE_STANDARD = "gnu++20";
				CLANG_ENABLE_MODULES = YES;
				CLANG_ENABLE_OBJC_ARC = YES;
				CLANG_ENABLE_OBJC_WEAK = YES;
				CLANG_WARN_BLOCK_CAPTURE_AUTORELEASING = YES;
				CLANG_WARN_BOOL_CONVERSION = YES;
				CLANG_WARN_COMMA = YES;
				CLANG_WARN_CONSTANT_CONVERSION = YES;
				CLANG_WARN_DEPRECATED_OBJC_IMPLEMENTATIONS = YES;
				CLANG_WARN_DIRECT_OBJC_ISA_USAGE = YES_ERROR;
				CLANG_WARN_DOCUMENTATION_COMMENTS = YES;
				CLANG_WARN_EMPTY_BODY = YES;
				CLANG_WARN_ENUM_CONVERSION = YES;
				CLANG_WARN_INFINITE_RECURSION = YES;
				CLANG_WARN_INT_CONVERSION = YES;
				CLANG_WARN_NON_LITERAL_NULL_CONVERSION = YES;
				CLANG_WARN_OBJC_IMPLICIT_RETAIN_SELF = YES;
				CLANG_WARN_OBJC_LITERAL_CONVERSION = YES;
				CLANG_WARN_OBJC_ROOT_CLASS = YES_ERROR;
				CLANG_WARN_QUOTED_INCLUDE_IN_FRAMEWORK_HEADER = YES;
				CLANG_WARN_RANGE_LOOP_ANALYSIS = YES;
				CLANG_WARN_STRICT_PROTOTYPES = YES;
				CLANG_WARN_SUSPICIOUS_MOVE = YES;
				CLANG_WARN_UNGUARDED_AVAILABILITY = YES_AGGRESSIVE;
				CLANG_WARN_UNREACHABLE_CODE = YES;
				CLANG_WARN__DUPLICATE_METHOD_MATCH = YES;
				COPY_PHASE_STRIP = NO;
				DEBUG_INFORMATION_FORMAT = "dwarf-with-dsym";
				ENABLE_NS_ASSERTIONS = NO;
				ENABLE_STRICT_OBJC_MSGSEND = YES;
				GCC_C_LANGUAGE_STANDARD = gnu11;
				GCC_NO_COMMON_BLOCKS = YES;
				GCC_WARN_64_TO_32_BIT_CONVERSION = YES;
				GCC_WARN_ABOUT_RETURN_TYPE = YES_ERROR;
				GCC_WARN_UNDECLARED_SELECTOR = YES;
				GCC_WARN_UNINITIALIZED_AUTOS = YES_AGGRESSIVE;
				GCC_WARN_UNUSED_FUNCTION = YES;
				GCC_WARN_UNUSED_VARIABLE = YES;
				IPHONEOS_DEPLOYMENT_TARGET = 16.4;
				MTL_ENABLE_DEBUG_INFO = NO;
				MTL_FAST_MATH = YES;
				SDKROOT = iphoneos;
				SWIFT_COMPILATION_MODE = wholemodule;
				SWIFT_OPTIMIZATION_LEVEL = "-O";
				VALIDATE_PRODUCT = YES;
			};
			name = Release;
		};
		F06B25BD2A31DF81006E6343 /* Debug */ = {
			isa = XCBuildConfiguration;
			buildSettings = {
				ASSETCATALOG_COMPILER_APPICON_NAME = AppIcon;
				ASSETCATALOG_COMPILER_GLOBAL_ACCENT_COLOR_NAME = AccentColor;
				CODE_SIGN_STYLE = Automatic;
				CURRENT_PROJECT_VERSION = 1;
				DEVELOPMENT_ASSET_PATHS = "\"TestForHandKeyboard/Preview Content\"";
				DEVELOPMENT_TEAM = F2FS772AW5;
				ENABLE_PREVIEWS = YES;
				GENERATE_INFOPLIST_FILE = YES;
				INFOPLIST_KEY_UIApplicationSceneManifest_Generation = YES;
				INFOPLIST_KEY_UIApplicationSupportsIndirectInputEvents = YES;
				INFOPLIST_KEY_UILaunchScreen_Generation = YES;
				INFOPLIST_KEY_UISupportedInterfaceOrientations_iPad = "UIInterfaceOrientationPortrait UIInterfaceOrientationPortraitUpsideDown UIInterfaceOrientationLandscapeLeft UIInterfaceOrientationLandscapeRight";
				INFOPLIST_KEY_UISupportedInterfaceOrientations_iPhone = "UIInterfaceOrientationPortrait UIInterfaceOrientationLandscapeLeft UIInterfaceOrientationLandscapeRight";
				IPHONEOS_DEPLOYMENT_TARGET = 15.0;
				LD_RUNPATH_SEARCH_PATHS = (
					"$(inherited)",
					"@executable_path/Frameworks",
				);
				MARKETING_VERSION = 1.0;
				PRODUCT_BUNDLE_IDENTIFIER = com.toyoshin.TestForHandKeyboard;
				PRODUCT_NAME = "$(TARGET_NAME)";
				SWIFT_EMIT_LOC_STRINGS = YES;
				SWIFT_VERSION = 5.0;
				TARGETED_DEVICE_FAMILY = "1,2";
			};
			name = Debug;
		};
		F06B25BE2A31DF81006E6343 /* Release */ = {
			isa = XCBuildConfiguration;
			buildSettings = {
				ASSETCATALOG_COMPILER_APPICON_NAME = AppIcon;
				ASSETCATALOG_COMPILER_GLOBAL_ACCENT_COLOR_NAME = AccentColor;
				CODE_SIGN_STYLE = Automatic;
				CURRENT_PROJECT_VERSION = 1;
				DEVELOPMENT_ASSET_PATHS = "\"TestForHandKeyboard/Preview Content\"";
				DEVELOPMENT_TEAM = F2FS772AW5;
				ENABLE_PREVIEWS = YES;
				GENERATE_INFOPLIST_FILE = YES;
				INFOPLIST_KEY_UIApplicationSceneManifest_Generation = YES;
				INFOPLIST_KEY_UIApplicationSupportsIndirectInputEvents = YES;
				INFOPLIST_KEY_UILaunchScreen_Generation = YES;
				INFOPLIST_KEY_UISupportedInterfaceOrientations_iPad = "UIInterfaceOrientationPortrait UIInterfaceOrientationPortraitUpsideDown UIInterfaceOrientationLandscapeLeft UIInterfaceOrientationLandscapeRight";
				INFOPLIST_KEY_UISupportedInterfaceOrientations_iPhone = "UIInterfaceOrientationPortrait UIInterfaceOrientationLandscapeLeft UIInterfaceOrientationLandscapeRight";
				IPHONEOS_DEPLOYMENT_TARGET = 15.0;
				LD_RUNPATH_SEARCH_PATHS = (
					"$(inherited)",
					"@executable_path/Frameworks",
				);
				MARKETING_VERSION = 1.0;
				PRODUCT_BUNDLE_IDENTIFIER = com.toyoshin.TestForHandKeyboard;
				PRODUCT_NAME = "$(TARGET_NAME)";
				SWIFT_EMIT_LOC_STRINGS = YES;
				SWIFT_VERSION = 5.0;
				TARGETED_DEVICE_FAMILY = "1,2";
			};
			name = Release;
		};
		F06B25C02A31DF81006E6343 /* Debug */ = {
			isa = XCBuildConfiguration;
			buildSettings = {
				ALWAYS_EMBED_SWIFT_STANDARD_LIBRARIES = YES;
				BUNDLE_LOADER = "$(TEST_HOST)";
				CODE_SIGN_STYLE = Automatic;
				CURRENT_PROJECT_VERSION = 1;
				DEVELOPMENT_TEAM = F2FS772AW5;
				GENERATE_INFOPLIST_FILE = YES;
				IPHONEOS_DEPLOYMENT_TARGET = 16.4;
				MARKETING_VERSION = 1.0;
				PRODUCT_BUNDLE_IDENTIFIER = com.toyoshin.TestForHandKeyboardTests;
				PRODUCT_NAME = "$(TARGET_NAME)";
				SWIFT_EMIT_LOC_STRINGS = NO;
				SWIFT_VERSION = 5.0;
				TARGETED_DEVICE_FAMILY = "1,2";
				TEST_HOST = "$(BUILT_PRODUCTS_DIR)/TestForHandKeyboard.app/$(BUNDLE_EXECUTABLE_FOLDER_PATH)/TestForHandKeyboard";
			};
			name = Debug;
		};
		F06B25C12A31DF81006E6343 /* Release */ = {
			isa = XCBuildConfiguration;
			buildSettings = {
				ALWAYS_EMBED_SWIFT_STANDARD_LIBRARIES = YES;
				BUNDLE_LOADER = "$(TEST_HOST)";
				CODE_SIGN_STYLE = Automatic;
				CURRENT_PROJECT_VERSION = 1;
				DEVELOPMENT_TEAM = F2FS772AW5;
				GENERATE_INFOPLIST_FILE = YES;
				IPHONEOS_DEPLOYMENT_TARGET = 16.4;
				MARKETING_VERSION = 1.0;
				PRODUCT_BUNDLE_IDENTIFIER = com.toyoshin.TestForHandKeyboardTests;
				PRODUCT_NAME = "$(TARGET_NAME)";
				SWIFT_EMIT_LOC_STRINGS = NO;
				SWIFT_VERSION = 5.0;
				TARGETED_DEVICE_FAMILY = "1,2";
				TEST_HOST = "$(BUILT_PRODUCTS_DIR)/TestForHandKeyboard.app/$(BUNDLE_EXECUTABLE_FOLDER_PATH)/TestForHandKeyboard";
			};
			name = Release;
		};
		F06B25C32A31DF81006E6343 /* Debug */ = {
			isa = XCBuildConfiguration;
			buildSettings = {
				ALWAYS_EMBED_SWIFT_STANDARD_LIBRARIES = YES;
				CODE_SIGN_STYLE = Automatic;
				CURRENT_PROJECT_VERSION = 1;
				DEVELOPMENT_TEAM = F2FS772AW5;
				GENERATE_INFOPLIST_FILE = YES;
				MARKETING_VERSION = 1.0;
				PRODUCT_BUNDLE_IDENTIFIER = com.toyoshin.TestForHandKeyboardUITests;
				PRODUCT_NAME = "$(TARGET_NAME)";
				SWIFT_EMIT_LOC_STRINGS = NO;
				SWIFT_VERSION = 5.0;
				TARGETED_DEVICE_FAMILY = "1,2";
				TEST_TARGET_NAME = TestForHandKeyboard;
			};
			name = Debug;
		};
		F06B25C42A31DF81006E6343 /* Release */ = {
			isa = XCBuildConfiguration;
			buildSettings = {
				ALWAYS_EMBED_SWIFT_STANDARD_LIBRARIES = YES;
				CODE_SIGN_STYLE = Automatic;
				CURRENT_PROJECT_VERSION = 1;
				DEVELOPMENT_TEAM = F2FS772AW5;
				GENERATE_INFOPLIST_FILE = YES;
				MARKETING_VERSION = 1.0;
				PRODUCT_BUNDLE_IDENTIFIER = com.toyoshin.TestForHandKeyboardUITests;
				PRODUCT_NAME = "$(TARGET_NAME)";
				SWIFT_EMIT_LOC_STRINGS = NO;
				SWIFT_VERSION = 5.0;
				TARGETED_DEVICE_FAMILY = "1,2";
				TEST_TARGET_NAME = TestForHandKeyboard;
			};
			name = Release;
		};
/* End XCBuildConfiguration section */

/* Begin XCConfigurationList section */
		F06B25932A31DF80006E6343 /* Build configuration list for PBXProject "TestForHandKeyboard" */ = {
			isa = XCConfigurationList;
			buildConfigurations = (
				F06B25BA2A31DF81006E6343 /* Debug */,
				F06B25BB2A31DF81006E6343 /* Release */,
			);
			defaultConfigurationIsVisible = 0;
			defaultConfigurationName = Release;
		};
		F06B25BC2A31DF81006E6343 /* Build configuration list for PBXNativeTarget "TestForHandKeyboard" */ = {
			isa = XCConfigurationList;
			buildConfigurations = (
				F06B25BD2A31DF81006E6343 /* Debug */,
				F06B25BE2A31DF81006E6343 /* Release */,
			);
			defaultConfigurationIsVisible = 0;
			defaultConfigurationName = Release;
		};
		F06B25BF2A31DF81006E6343 /* Build configuration list for PBXNativeTarget "TestForHandKeyboardTests" */ = {
			isa = XCConfigurationList;
			buildConfigurations = (
				F06B25C02A31DF81006E6343 /* Debug */,
				F06B25C12A31DF81006E6343 /* Release */,
			);
			defaultConfigurationIsVisible = 0;
			defaultConfigurationName = Release;
		};
		F06B25C22A31DF81006E6343 /* Build configuration list for PBXNativeTarget "TestForHandKeyboardUITests" */ = {
			isa = XCConfigurationList;
			buildConfigurations = (
				F06B25C32A31DF81006E6343 /* Debug */,
				F06B25C42A31DF81006E6343 /* Release */,
			);
			defaultConfigurationIsVisible = 0;
			defaultConfigurationName = Release;
		};
/* End XCConfigurationList section */
	};
	rootObject = F06B25902A31DF80006E6343 /* Project object */;
}
